// !$*UTF8*$!
{
	archiveVersion = 1;
	classes = {
	};
	objectVersion = 46;
	objects = {

/* Begin PBXBuildFile section */
		3470CD931B638C99005EF9D1 /* main.m in Sources */ = {isa = PBXBuildFile; fileRef = 3470CD921B638C99005EF9D1 /* main.m */; };
		3470CD961B638C99005EF9D1 /* AppDelegate.m in Sources */ = {isa = PBXBuildFile; fileRef = 3470CD951B638C99005EF9D1 /* AppDelegate.m */; };
		3470CD991B638C99005EF9D1 /* ViewController.m in Sources */ = {isa = PBXBuildFile; fileRef = 3470CD981B638C99005EF9D1 /* ViewController.m */; };
		3470CD9C1B638C99005EF9D1 /* Main.storyboard in Resources */ = {isa = PBXBuildFile; fileRef = 3470CD9A1B638C99005EF9D1 /* Main.storyboard */; };
		3470CD9E1B638C99005EF9D1 /* Images.xcassets in Resources */ = {isa = PBXBuildFile; fileRef = 3470CD9D1B638C99005EF9D1 /* Images.xcassets */; };
		3470CDA11B638C99005EF9D1 /* LaunchScreen.xib in Resources */ = {isa = PBXBuildFile; fileRef = 3470CD9F1B638C99005EF9D1 /* LaunchScreen.xib */; };
		3470CDAD1B638C99005EF9D1 /* gitTestTests.m in Sources */ = {isa = PBXBuildFile; fileRef = 3470CDAC1B638C99005EF9D1 /* gitTestTests.m */; };
/* End PBXBuildFile section */

/* Begin PBXContainerItemProxy section */
		3470CDA71B638C99005EF9D1 /* PBXContainerItemProxy */ = {
			isa = PBXContainerItemProxy;
			containerPortal = 3470CD851B638C99005EF9D1 /* Project object */;
			proxyType = 1;
			remoteGlobalIDString = 3470CD8C1B638C99005EF9D1;
			remoteInfo = gitTest;
		};
/* End PBXContainerItemProxy section */

/* Begin PBXFileReference section */
		3470CD8D1B638C99005EF9D1 /* gitTest.app */ = {isa = PBXFileReference; explicitFileType = wrapper.application; includeInIndex = 0; path = gitTest.app; sourceTree = BUILT_PRODUCTS_DIR; };
		3470CD911B638C99005EF9D1 /* Info.plist */ = {isa = PBXFileReference; lastKnownFileType = text.plist.xml; path = Info.plist; sourceTree = "<group>"; };
		3470CD921B638C99005EF9D1 /* main.m */ = {isa = PBXFileReference; lastKnownFileType = sourcecode.c.objc; path = main.m; sourceTree = "<group>"; };
		3470CD941B638C99005EF9D1 /* AppDelegate.h */ = {isa = PBXFileReference; lastKnownFileType = sourcecode.c.h; path = AppDelegate.h; sourceTree = "<group>"; };
		3470CD951B638C99005EF9D1 /* AppDelegate.m */ = {isa = PBXFileReference; lastKnownFileType = sourcecode.c.objc; path = AppDelegate.m; sourceTree = "<group>"; };
		3470CD971B638C99005EF9D1 /* ViewController.h */ = {isa = PBXFileReference; lastKnownFileType = sourcecode.c.h; path = ViewController.h; sourceTree = "<group>"; };
		3470CD981B638C99005EF9D1 /* ViewController.m */ = {isa = PBXFileReference; lastKnownFileType = sourcecode.c.objc; path = ViewController.m; sourceTree = "<group>"; };
		3470CD9B1B638C99005EF9D1 /* Base */ = {isa = PBXFileReference; lastKnownFileType = file.storyboard; name = Base; path = Base.lproj/Main.storyboard; sourceTree = "<group>"; };
		3470CD9D1B638C99005EF9D1 /* Images.xcassets */ = {isa = PBXFileReference; lastKnownFileType = folder.assetcatalog; path = Images.xcassets; sourceTree = "<group>"; };
		3470CDA01B638C99005EF9D1 /* Base */ = {isa = PBXFileReference; lastKnownFileType = file.xib; name = Base; path = Base.lproj/LaunchScreen.xib; sourceTree = "<group>"; };
		3470CDA61B638C99005EF9D1 /* gitTestTests.xctest */ = {isa = PBXFileReference; explicitFileType = wrapper.cfbundle; includeInIndex = 0; path = gitTestTests.xctest; sourceTree = BUILT_PRODUCTS_DIR; };
		3470CDAB1B638C99005EF9D1 /* Info.plist */ = {isa = PBXFileReference; lastKnownFileType = text.plist.xml; path = Info.plist; sourceTree = "<group>"; };
		3470CDAC1B638C99005EF9D1 /* gitTestTests.m */ = {isa = PBXFileReference; lastKnownFileType = sourcecode.c.objc; path = gitTestTests.m; sourceTree = "<group>"; };
/* End PBXFileReference section */

/* Begin PBXFrameworksBuildPhase section */
		3470CD8A1B638C99005EF9D1 /* Frameworks */ = {
			isa = PBXFrameworksBuildPhase;
			buildActionMask = 2147483647;
			files = (
			);
			runOnlyForDeploymentPostprocessing = 0;
		};
		3470CDA31B638C99005EF9D1 /* Frameworks */ = {
			isa = PBXFrameworksBuildPhase;
			buildActionMask = 2147483647;
			files = (
			);
			runOnlyForDeploymentPostprocessing = 0;
		};
/* End PBXFrameworksBuildPhase section */

/* Begin PBXGroup section */
		3470CD841B638C99005EF9D1 = {
			isa = PBXGroup;
			children = (
				3470CD8F1B638C99005EF9D1 /* gitTest */,
				3470CDA91B638C99005EF9D1 /* gitTestTests */,
				3470CD8E1B638C99005EF9D1 /* Products */,
			);
			sourceTree = "<group>";
		};
		3470CD8E1B638C99005EF9D1 /* Products */ = {
			isa = PBXGroup;
			children = (
				3470CD8D1B638C99005EF9D1 /* gitTest.app */,
				3470CDA61B638C99005EF9D1 /* gitTestTests.xctest */,
			);
			name = Products;
			sourceTree = "<group>";
		};
		3470CD8F1B638C99005EF9D1 /* gitTest */ = {
			isa = PBXGroup;
			children = (
				3470CD941B638C99005EF9D1 /* AppDelegate.h */,
				3470CD951B638C99005EF9D1 /* AppDelegate.m */,
				3470CD971B638C99005EF9D1 /* ViewController.h */,
				3470CD981B638C99005EF9D1 /* ViewController.m */,
				3470CD9A1B638C99005EF9D1 /* Main.storyboard */,
				3470CD9D1B638C99005EF9D1 /* Images.xcassets */,
				3470CD9F1B638C99005EF9D1 /* LaunchScreen.xib */,
				3470CD901B638C99005EF9D1 /* Supporting Files */,
			);
			path = gitTest;
			sourceTree = "<group>";
		};
		3470CD901B638C99005EF9D1 /* Supporting Files */ = {
			isa = PBXGroup;
			children = (
				3470CD911B638C99005EF9D1 /* Info.plist */,
				3470CD921B638C99005EF9D1 /* main.m */,
			);
			name = "Supporting Files";
			sourceTree = "<group>";
		};
		3470CDA91B638C99005EF9D1 /* gitTestTests */ = {
			isa = PBXGroup;
			children = (
				3470CDAC1B638C99005EF9D1 /* gitTestTests.m */,
				3470CDAA1B638C99005EF9D1 /* Supporting Files */,
			);
			path = gitTestTests;
			sourceTree = "<group>";
		};
		3470CDAA1B638C99005EF9D1 /* Supporting Files */ = {
			isa = PBXGroup;
			children = (
				3470CDAB1B638C99005EF9D1 /* Info.plist */,
			);
			name = "Supporting Files";
			sourceTree = "<group>";
		};
/* End PBXGroup section */

/* Begin PBXNativeTarget section */
		3470CD8C1B638C99005EF9D1 /* gitTest */ = {
			isa = PBXNativeTarget;
			buildConfigurationList = 3470CDB01B638C99005EF9D1 /* Build configuration list for PBXNativeTarget "gitTest" */;
			buildPhases = (
				3470CD891B638C99005EF9D1 /* Sources */,
				3470CD8A1B638C99005EF9D1 /* Frameworks */,
				3470CD8B1B638C99005EF9D1 /* Resources */,
			);
			buildRules = (
			);
			dependencies = (
			);
			name = gitTest;
			productName = gitTest;
			productReference = 3470CD8D1B638C99005EF9D1 /* gitTest.app */;
			productType = "com.apple.product-type.application";
		};
		3470CDA51B638C99005EF9D1 /* gitTestTests */ = {
			isa = PBXNativeTarget;
			buildConfigurationList = 3470CDB31B638C99005EF9D1 /* Build configuration list for PBXNativeTarget "gitTestTests" */;
			buildPhases = (
				3470CDA21B638C99005EF9D1 /* Sources */,
				3470CDA31B638C99005EF9D1 /* Frameworks */,
				3470CDA41B638C99005EF9D1 /* Resources */,
			);
			buildRules = (
			);
			dependencies = (
				3470CDA81B638C99005EF9D1 /* PBXTargetDependency */,
			);
			name = gitTestTests;
			productName = gitTestTests;
			productReference = 3470CDA61B638C99005EF9D1 /* gitTestTests.xctest */;
			productType = "com.apple.product-type.bundle.unit-test";
		};
/* End PBXNativeTarget section */

/* Begin PBXProject section */
		3470CD851B638C99005EF9D1 /* Project object */ = {
			isa = PBXProject;
			attributes = {
				LastUpgradeCheck = 0610;
				ORGANIZATIONNAME = lanouhn;
				TargetAttributes = {
					3470CD8C1B638C99005EF9D1 = {
						CreatedOnToolsVersion = 6.1;
					};
					3470CDA51B638C99005EF9D1 = {
						CreatedOnToolsVersion = 6.1;
						TestTargetID = 3470CD8C1B638C99005EF9D1;
					};
				};
			};
			buildConfigurationList = 3470CD881B638C99005EF9D1 /* Build configuration list for PBXProject "gitTest" */;
			compatibilityVersion = "Xcode 3.2";
			developmentRegion = English;
			hasScannedForEncodings = 0;
			knownRegions = (
				en,
				Base,
			);
			mainGroup = 3470CD841B638C99005EF9D1;
			productRefGroup = 3470CD8E1B638C99005EF9D1 /* Products */;
			projectDirPath = "";
			projectRoot = "";
			targets = (
				3470CD8C1B638C99005EF9D1 /* gitTest */,
				3470CDA51B638C99005EF9D1 /* gitTestTests */,
			);
		};
/* End PBXProject section */

/* Begin PBXResourcesBuildPhase section */
		3470CD8B1B638C99005EF9D1 /* Resources */ = {
			isa = PBXResourcesBuildPhase;
			buildActionMask = 2147483647;
			files = (
				3470CD9C1B638C99005EF9D1 /* Main.storyboard in Resources */,
				3470CDA11B638C99005EF9D1 /* LaunchScreen.xib in Resources */,
				3470CD9E1B638C99005EF9D1 /* Images.xcassets in Resources */,
			);
			runOnlyForDeploymentPostprocessing = 0;
		};
		3470CDA41B638C99005EF9D1 /* Resources */ = {
			isa = PBXResourcesBuildPhase;
			buildActionMask = 2147483647;
			files = (
			);
			runOnlyForDeploymentPostprocessing = 0;
		};
/* End PBXResourcesBuildPhase section */

/* Begin PBXSourcesBuildPhase section */
		3470CD891B638C99005EF9D1 /* Sources */ = {
			isa = PBXSourcesBuildPhase;
			buildActionMask = 2147483647;
			files = (
				3470CD991B638C99005EF9D1 /* ViewController.m in Sources */,
				3470CD961B638C99005EF9D1 /* AppDelegate.m in Sources */,
				3470CD931B638C99005EF9D1 /* main.m in Sources */,
			);
			runOnlyForDeploymentPostprocessing = 0;
		};
		3470CDA21B638C99005EF9D1 /* Sources */ = {
			isa = PBXSourcesBuildPhase;
			buildActionMask = 2147483647;
			files = (
				3470CDAD1B638C99005EF9D1 /* gitTestTests.m in Sources */,
			);
			runOnlyForDeploymentPostprocessing = 0;
		};
/* End PBXSourcesBuildPhase section */

/* Begin PBXTargetDependency section */
		3470CDA81B638C99005EF9D1 /* PBXTargetDependency */ = {
			isa = PBXTargetDependency;
			target = 3470CD8C1B638C99005EF9D1 /* gitTest */;
			targetProxy = 3470CDA71B638C99005EF9D1 /* PBXContainerItemProxy */;
		};
/* End PBXTargetDependency section */

/* Begin PBXVariantGroup section */
		3470CD9A1B638C99005EF9D1 /* Main.storyboard */ = {
			isa = PBXVariantGroup;
			children = (
				3470CD9B1B638C99005EF9D1 /* Base */,
			);
			name = Main.storyboard;
			sourceTree = "<group>";
		};
		3470CD9F1B638C99005EF9D1 /* LaunchScreen.xib */ = {
			isa = PBXVariantGroup;
			children = (
				3470CDA01B638C99005EF9D1 /* Base */,
			);
			name = LaunchScreen.xib;
			sourceTree = "<group>";
		};
/* End PBXVariantGroup section */

/* Begin XCBuildConfiguration section */
		3470CDAE1B638C99005EF9D1 /* Debug */ = {
			isa = XCBuildConfiguration;
			buildSettings = {
				ALWAYS_SEARCH_USER_PATHS = NO;
				CLANG_CXX_LANGUAGE_STANDARD = "gnu++0x";
				CLANG_CXX_LIBRARY = "libc++";
				CLANG_ENABLE_MODULES = YES;
				CLANG_ENABLE_OBJC_ARC = YES;
				CLANG_WARN_BOOL_CONVERSION = YES;
				CLANG_WARN_CONSTANT_CONVERSION = YES;
				CLANG_WARN_DIRECT_OBJC_ISA_USAGE = YES_ERROR;
				CLANG_WARN_EMPTY_BODY = YES;
				CLANG_WARN_ENUM_CONVERSION = YES;
				CLANG_WARN_INT_CONVERSION = YES;
				CLANG_WARN_OBJC_ROOT_CLASS = YES_ERROR;
				CLANG_WARN_UNREACHABLE_CODE = YES;
				CLANG_WARN__DUPLICATE_METHOD_MATCH = YES;
				"CODE_SIGN_IDENTITY[sdk=iphoneos*]" = "iPhone Developer";
				COPY_PHASE_STRIP = NO;
				ENABLE_STRICT_OBJC_MSGSEND = YES;
				GCC_C_LANGUAGE_STANDARD = gnu99;
				GCC_DYNAMIC_NO_PIC = NO;
				GCC_OPTIMIZATION_LEVEL = 0;
				GCC_PREPROCESSOR_DEFINITIONS = (
					"DEBUG=1",
					"$(inherited)",
				);
				GCC_SYMBOLS_PRIVATE_EXTERN = NO;
				GCC_WARN_64_TO_32_BIT_CONVERSION = YES;
				GCC_WARN_ABOUT_RETURN_TYPE = YES_ERROR;
				GCC_WARN_UNDECLARED_SELECTOR = YES;
				GCC_WARN_UNINITIALIZED_AUTOS = YES_AGGRESSIVE;
				GCC_WARN_UNUSED_FUNCTION = YES;
				GCC_WARN_UNUSED_VARIABLE = YES;
				IPHONEOS_DEPLOYMENT_TARGET = 8.1;
				MTL_ENABLE_DEBUG_INFO = YES;
				ONLY_ACTIVE_ARCH = YES;
				SDKROOT = iphoneos;
				TARGETED_DEVICE_FAMILY = "1,2";
			};
			name = Debug;
		};
		3470CDAF1B638C99005EF9D1 /* Release */ = {
			isa = XCBuildConfiguration;
			buildSettings = {
				ALWAYS_SEARCH_USER_PATHS = NO;
				CLANG_CXX_LANGUAGE_STANDARD = "gnu++0x";
				CLANG_CXX_LIBRARY = "libc++";
				CLANG_ENABLE_MODULES = YES;
				CLANG_ENABLE_OBJC_ARC = YES;
				CLANG_WARN_BOOL_CONVERSION = YES;
				CLANG_WARN_CONSTANT_CONVERSION = YES;
				CLANG_WARN_DIRECT_OBJC_ISA_USAGE = YES_ERROR;
				CLANG_WARN_EMPTY_BODY = YES;
				CLANG_WARN_ENUM_CONVERSION = YES;
				CLANG_WARN_INT_CONVERSION = YES;
				CLANG_WARN_OBJC_ROOT_CLASS = YES_ERROR;
				CLANG_WARN_UNREACHABLE_CODE = YES;
				CLANG_WARN__DUPLICATE_METHOD_MATCH = YES;
				"CODE_SIGN_IDENTITY[sdk=iphoneos*]" = "iPhone Developer";
				COPY_PHASE_STRIP = YES;
				ENABLE_NS_ASSERTIONS = NO;
				ENABLE_STRICT_OBJC_MSGSEND = YES;
				GCC_C_LANGUAGE_STANDARD = gnu99;
				GCC_WARN_64_TO_32_BIT_CONVERSION = YES;
				GCC_WARN_ABOUT_RETURN_TYPE = YES_ERROR;
				GCC_WARN_UNDECLARED_SELECTOR = YES;
				GCC_WARN_UNINITIALIZED_AUTOS = YES_AGGRESSIVE;
				GCC_WARN_UNUSED_FUNCTION = YES;
				GCC_WARN_UNUSED_VARIABLE = YES;
				IPHONEOS_DEPLOYMENT_TARGET = 8.1;
				MTL_ENABLE_DEBUG_INFO = NO;
				SDKROOT = iphoneos;
				TARGETED_DEVICE_FAMILY = "1,2";
				VALIDATE_PRODUCT = YES;
			};
			name = Release;
		};
		3470CDB11B638C99005EF9D1 /* Debug */ = {
			isa = XCBuildConfiguration;
			buildSettings = {
				ASSETCATALOG_COMPILER_APPICON_NAME = AppIcon;
				INFOPLIST_FILE = gitTest/Info.plist;
				LD_RUNPATH_SEARCH_PATHS = "$(inherited) @executable_path/Frameworks";
				PRODUCT_NAME = "$(TARGET_NAME)";
			};
			name = Debug;
		};
		3470CDB21B638C99005EF9D1 /* Release */ = {
			isa = XCBuildConfiguration;
			buildSettings = {
				ASSETCATALOG_COMPILER_APPICON_NAME = AppIcon;
				INFOPLIST_FILE = gitTest/Info.plist;
				LD_RUNPATH_SEARCH_PATHS = "$(inherited) @executable_path/Frameworks";
				PRODUCT_NAME = "$(TARGET_NAME)";
			};
			name = Release;
		};
		3470CDB41B638C99005EF9D1 /* Debug */ = {
			isa = XCBuildConfiguration;
			buildSettings = {
				BUNDLE_LOADER = "$(TEST_HOST)";
				FRAMEWORK_SEARCH_PATHS = (
					"$(SDKROOT)/Developer/Library/Frameworks",
					"$(inherited)",
				);
				GCC_PREPROCESSOR_DEFINITIONS = (
					"DEBUG=1",
					"$(inherited)",
				);
				INFOPLIST_FILE = gitTestTests/Info.plist;
				LD_RUNPATH_SEARCH_PATHS = "$(inherited) @executable_path/Frameworks @loader_path/Frameworks";
				PRODUCT_NAME = "$(TARGET_NAME)";
				TEST_HOST = "$(BUILT_PRODUCTS_DIR)/gitTest.app/gitTest";
			};
			name = Debug;
		};
		3470CDB51B638C99005EF9D1 /* Release */ = {
			isa = XCBuildConfiguration;
			buildSettings = {
				BUNDLE_LOADER = "$(TEST_HOST)";
				FRAMEWORK_SEARCH_PATHS = (
					"$(SDKROOT)/Developer/Library/Frameworks",
					"$(inherited)",
				);
				INFOPLIST_FILE = gitTestTests/Info.plist;
				LD_RUNPATH_SEARCH_PATHS = "$(inherited) @executable_path/Frameworks @loader_path/Frameworks";
				PRODUCT_NAME = "$(TARGET_NAME)";
				TEST_HOST = "$(BUILT_PRODUCTS_DIR)/gitTest.app/gitTest";
			};
			name = Release;
		};
/* End XCBuildConfiguration section */

/* Begin XCConfigurationList section */
		3470CD881B638C99005EF9D1 /* Build configuration list for PBXProject "gitTest" */ = {
			isa = XCConfigurationList;
			buildConfigurations = (
				3470CDAE1B638C99005EF9D1 /* Debug */,
				3470CDAF1B638C99005EF9D1 /* Release */,
			);
			defaultConfigurationIsVisible = 0;
			defaultConfigurationName = Release;
		};
		3470CDB01B638C99005EF9D1 /* Build configuration list for PBXNativeTarget "gitTest" */ = {
			isa = XCConfigurationList;
			buildConfigurations = (
				3470CDB11B638C99005EF9D1 /* Debug */,
				3470CDB21B638C99005EF9D1 /* Release */,
			);
			defaultConfigurationIsVisible = 0;
		};
		3470CDB31B638C99005EF9D1 /* Build configuration list for PBXNativeTarget "gitTestTests" */ = {
			isa = XCConfigurationList;
			buildConfigurations = (
				3470CDB41B638C99005EF9D1 /* Debug */,
				3470CDB51B638C99005EF9D1 /* Release */,
			);
			defaultConfigurationIsVisible = 0;
		};
/* End XCConfigurationList section */
	};
	rootObject = 3470CD851B638C99005EF9D1 /* Project object */;
}
